
Microsoft Visual Studio Solution File, Format Version 12.00
# Visual Studio Version 17
VisualStudioVersion = 17.9.34607.119
MinimumVisualStudioVersion = 10.0.40219.1
Project("{2150E333-8FDC-42A3-9474-1A3956D46DE8}") = "Backend", "Backend", "{892726DA-52D6-44B6-BE2D-6ABF75DDF1BD}"
EndProject
Project("{2150E333-8FDC-42A3-9474-1A3956D46DE8}") = "FrontEnd", "FrontEnd", "{EC0D386A-A2C4-4DEC-9440-189F90ADF3FC}"
EndProject
Project("{9A19103F-16F7-4668-BE54-9A1E7A4F7556}") = "AkarSoft.Core", "AkarSoft.Core\AkarSoft.Core.csproj", "{62D42808-03DA-4BDA-886A-918DD9C2C686}"
EndProject
Project("{9A19103F-16F7-4668-BE54-9A1E7A4F7556}") = "AkarSoft.Repositories", "AkarSoft.Repositories\AkarSoft.Repositories.csproj", "{38E3CEEF-92CA-48FF-993C-3CDB0BCD0703}"
EndProject
Project("{9A19103F-16F7-4668-BE54-9A1E7A4F7556}") = "AkarSoft.Dtos", "AkarSoft.Dtos\AkarSoft.Dtos.csproj", "{A3F5C3F9-F24A-41B6-88AE-DA634B9F17D5}"
EndProject
Project("{9A19103F-16F7-4668-BE54-9A1E7A4F7556}") = "AkarSoft.Entities", "AkarSoft.Entities\AkarSoft.Entities.csproj", "{A4D747AA-D20D-4040-970B-668FBEF19BB2}"
EndProject
Project("{9A19103F-16F7-4668-BE54-9A1E7A4F7556}") = "AkarSoft.Managers", "AkarSoft.Managers\AkarSoft.Managers.csproj", "{CB492646-8CC4-4A0B-B1EB-7F878A1C5673}"
EndProject
Project("{9A19103F-16F7-4668-BE54-9A1E7A4F7556}") = "AkarSoft.Api", "AkarSoft.Api\AkarSoft.Api.csproj", "{ED50381E-1572-4301-9758-8030CC385DDD}"
EndProject
Project("{FAE04EC0-301F-11D3-BF4B-00C04F79EFBC}") = "AkarSoft.MVCUI", "AkarSoft.MVCUI\AkarSoft.MVCUI.csproj", "{3D9EE035-661F-4215-9622-9689616B705E}"
EndProject
Global
	GlobalSection(SolutionConfigurationPlatforms) = preSolution
		Debug|Any CPU = Debug|Any CPU
		Release|Any CPU = Release|Any CPU
	EndGlobalSection
	GlobalSection(ProjectConfigurationPlatforms) = postSolution
		{62D42808-03DA-4BDA-886A-918DD9C2C686}.Debug|Any CPU.ActiveCfg = Debug|Any CPU
		{62D42808-03DA-4BDA-886A-918DD9C2C686}.Debug|Any CPU.Build.0 = Debug|Any CPU
		{62D42808-03DA-4BDA-886A-918DD9C2C686}.Release|Any CPU.ActiveCfg = Release|Any CPU
		{62D42808-03DA-4BDA-886A-918DD9C2C686}.Release|Any CPU.Build.0 = Release|Any CPU
		{38E3CEEF-92CA-48FF-993C-3CDB0BCD0703}.Debug|Any CPU.ActiveCfg = Debug|Any CPU
		{38E3CEEF-92CA-48FF-993C-3CDB0BCD0703}.Debug|Any CPU.Build.0 = Debug|Any CPU
		{38E3CEEF-92CA-48FF-993C-3CDB0BCD0703}.Release|Any CPU.ActiveCfg = Release|Any CPU
		{38E3CEEF-92CA-48FF-993C-3CDB0BCD0703}.Release|Any CPU.Build.0 = Release|Any CPU
		{A3F5C3F9-F24A-41B6-88AE-DA634B9F17D5}.Debug|Any CPU.ActiveCfg = Debug|Any CPU
		{A3F5C3F9-F24A-41B6-88AE-DA634B9F17D5}.Debug|Any CPU.Build.0 = Debug|Any CPU
		{A3F5C3F9-F24A-41B6-88AE-DA634B9F17D5}.Release|Any CPU.ActiveCfg = Release|Any CPU
		{A3F5C3F9-F24A-41B6-88AE-DA634B9F17D5}.Release|Any CPU.Build.0 = Release|Any CPU
		{A4D747AA-D20D-4040-970B-668FBEF19BB2}.Debug|Any CPU.ActiveCfg = Debug|Any CPU
		{A4D747AA-D20D-4040-970B-668FBEF19BB2}.Debug|Any CPU.Build.0 = Debug|Any CPU
		{A4D747AA-D20D-4040-970B-668FBEF19BB2}.Release|Any CPU.ActiveCfg = Release|Any CPU
		{A4D747AA-D20D-4040-970B-668FBEF19BB2}.Release|Any CPU.Build.0 = Release|Any CPU
		{CB492646-8CC4-4A0B-B1EB-7F878A1C5673}.Debug|Any CPU.ActiveCfg = Debug|Any CPU
		{CB492646-8CC4-4A0B-B1EB-7F878A1C5673}.Debug|Any CPU.Build.0 = Debug|Any CPU
		{CB492646-8CC4-4A0B-B1EB-7F878A1C5673}.Release|Any CPU.ActiveCfg = Release|Any CPU
		{CB492646-8CC4-4A0B-B1EB-7F878A1C5673}.Release|Any CPU.Build.0 = Release|Any CPU
		{ED50381E-1572-4301-9758-8030CC385DDD}.Debug|Any CPU.ActiveCfg = Debug|Any CPU
		{ED50381E-1572-4301-9758-8030CC385DDD}.Debug|Any CPU.Build.0 = Debug|Any CPU
		{ED50381E-1572-4301-9758-8030CC385DDD}.Release|Any CPU.ActiveCfg = Release|Any CPU
		{ED50381E-1572-4301-9758-8030CC385DDD}.Release|Any CPU.Build.0 = Release|Any CPU
		{3D9EE035-661F-4215-9622-9689616B705E}.Debug|Any CPU.ActiveCfg = Debug|Any CPU
		{3D9EE035-661F-4215-9622-9689616B705E}.Debug|Any CPU.Build.0 = Debug|Any CPU
		{3D9EE035-661F-4215-9622-9689616B705E}.Release|Any CPU.ActiveCfg = Release|Any CPU
		{3D9EE035-661F-4215-9622-9689616B705E}.Release|Any CPU.Build.0 = Release|Any CPU
	EndGlobalSection
	GlobalSection(SolutionProperties) = preSolution
		HideSolutionNode = FALSE
	EndGlobalSection
	GlobalSection(NestedProjects) = preSolution
		{62D42808-03DA-4BDA-886A-918DD9C2C686} = {892726DA-52D6-44B6-BE2D-6ABF75DDF1BD}
		{38E3CEEF-92CA-48FF-993C-3CDB0BCD0703} = {892726DA-52D6-44B6-BE2D-6ABF75DDF1BD}
		{A3F5C3F9-F24A-41B6-88AE-DA634B9F17D5} = {892726DA-52D6-44B6-BE2D-6ABF75DDF1BD}
		{A4D747AA-D20D-4040-970B-668FBEF19BB2} = {892726DA-52D6-44B6-BE2D-6ABF75DDF1BD}
		{CB492646-8CC4-4A0B-B1EB-7F878A1C5673} = {892726DA-52D6-44B6-BE2D-6ABF75DDF1BD}
		{ED50381E-1572-4301-9758-8030CC385DDD} = {892726DA-52D6-44B6-BE2D-6ABF75DDF1BD}
		{3D9EE035-661F-4215-9622-9689616B705E} = {EC0D386A-A2C4-4DEC-9440-189F90ADF3FC}
	EndGlobalSection
	GlobalSection(ExtensibilityGlobals) = postSolution
		SolutionGuid = {746C08DC-FAB9-48D9-9EB1-1DAB27AEB90A}
	EndGlobalSection
EndGlobal
